// !$*UTF8*$!
{
	archiveVersion = 1;
	classes = {
	};
	objectVersion = 55;
	objects = {

/* Begin PBXBuildFile section */
		AD93394027C7F8840014F987 /* AppDelegate.swift in Sources */ = {isa = PBXBuildFile; fileRef = AD93393F27C7F8840014F987 /* AppDelegate.swift */; };
		AD93394227C7F8840014F987 /* SceneDelegate.swift in Sources */ = {isa = PBXBuildFile; fileRef = AD93394127C7F8840014F987 /* SceneDelegate.swift */; };
		AD93394427C7F8840014F987 /* ViewController.swift in Sources */ = {isa = PBXBuildFile; fileRef = AD93394327C7F8840014F987 /* ViewController.swift */; };
		AD93394727C7F8840014F987 /* Main.storyboard in Resources */ = {isa = PBXBuildFile; fileRef = AD93394527C7F8840014F987 /* Main.storyboard */; };
		AD93394A27C7F8840014F987 /* yew_ar_not_awsim.xcdatamodeld in Sources */ = {isa = PBXBuildFile; fileRef = AD93394827C7F8840014F987 /* yew_ar_not_awsim.xcdatamodeld */; };
		AD93394C27C7F8860014F987 /* Assets.xcassets in Resources */ = {isa = PBXBuildFile; fileRef = AD93394B27C7F8860014F987 /* Assets.xcassets */; };
		AD93394F27C7F8860014F987 /* LaunchScreen.storyboard in Resources */ = {isa = PBXBuildFile; fileRef = AD93394D27C7F8860014F987 /* LaunchScreen.storyboard */; };
		AD93395A27C7F8860014F987 /* yew_ar_not_awsimTests.swift in Sources */ = {isa = PBXBuildFile; fileRef = AD93395927C7F8860014F987 /* yew_ar_not_awsimTests.swift */; };
		AD93396427C7F8860014F987 /* yew_ar_not_awsimUITests.swift in Sources */ = {isa = PBXBuildFile; fileRef = AD93396327C7F8860014F987 /* yew_ar_not_awsimUITests.swift */; };
		AD93396627C7F8860014F987 /* yew_ar_not_awsimUITestsLaunchTests.swift in Sources */ = {isa = PBXBuildFile; fileRef = AD93396527C7F8860014F987 /* yew_ar_not_awsimUITestsLaunchTests.swift */; };
/* End PBXBuildFile section */

/* Begin PBXContainerItemProxy section */
		AD93395627C7F8860014F987 /* PBXContainerItemProxy */ = {
			isa = PBXContainerItemProxy;
			containerPortal = AD93393427C7F8840014F987 /* Project object */;
			proxyType = 1;
			remoteGlobalIDString = AD93393B27C7F8840014F987;
			remoteInfo = "yew ar not awsim";
		};
		AD93396027C7F8860014F987 /* PBXContainerItemProxy */ = {
			isa = PBXContainerItemProxy;
			containerPortal = AD93393427C7F8840014F987 /* Project object */;
			proxyType = 1;
			remoteGlobalIDString = AD93393B27C7F8840014F987;
			remoteInfo = "yew ar not awsim";
		};
/* End PBXContainerItemProxy section */

/* Begin PBXFileReference section */
		AD93393C27C7F8840014F987 /* yew ar not awsim.app */ = {isa = PBXFileReference; explicitFileType = wrapper.application; includeInIndex = 0; path = "yew ar not awsim.app"; sourceTree = BUILT_PRODUCTS_DIR; };
		AD93393F27C7F8840014F987 /* AppDelegate.swift */ = {isa = PBXFileReference; lastKnownFileType = sourcecode.swift; path = AppDelegate.swift; sourceTree = "<group>"; };
		AD93394127C7F8840014F987 /* SceneDelegate.swift */ = {isa = PBXFileReference; lastKnownFileType = sourcecode.swift; path = SceneDelegate.swift; sourceTree = "<group>"; };
		AD93394327C7F8840014F987 /* ViewController.swift */ = {isa = PBXFileReference; lastKnownFileType = sourcecode.swift; path = ViewController.swift; sourceTree = "<group>"; };
		AD93394627C7F8840014F987 /* Base */ = {isa = PBXFileReference; lastKnownFileType = file.storyboard; name = Base; path = Base.lproj/Main.storyboard; sourceTree = "<group>"; };
		AD93394927C7F8840014F987 /* yew_ar_not_awsim.xcdatamodel */ = {isa = PBXFileReference; lastKnownFileType = wrapper.xcdatamodel; path = yew_ar_not_awsim.xcdatamodel; sourceTree = "<group>"; };
		AD93394B27C7F8860014F987 /* Assets.xcassets */ = {isa = PBXFileReference; lastKnownFileType = folder.assetcatalog; path = Assets.xcassets; sourceTree = "<group>"; };
		AD93394E27C7F8860014F987 /* Base */ = {isa = PBXFileReference; lastKnownFileType = file.storyboard; name = Base; path = Base.lproj/LaunchScreen.storyboard; sourceTree = "<group>"; };
		AD93395027C7F8860014F987 /* Info.plist */ = {isa = PBXFileReference; lastKnownFileType = text.plist.xml; path = Info.plist; sourceTree = "<group>"; };
		AD93395527C7F8860014F987 /* yew ar not awsimTests.xctest */ = {isa = PBXFileReference; explicitFileType = wrapper.cfbundle; includeInIndex = 0; path = "yew ar not awsimTests.xctest"; sourceTree = BUILT_PRODUCTS_DIR; };
		AD93395927C7F8860014F987 /* yew_ar_not_awsimTests.swift */ = {isa = PBXFileReference; lastKnownFileType = sourcecode.swift; path = yew_ar_not_awsimTests.swift; sourceTree = "<group>"; };
		AD93395F27C7F8860014F987 /* yew ar not awsimUITests.xctest */ = {isa = PBXFileReference; explicitFileType = wrapper.cfbundle; includeInIndex = 0; path = "yew ar not awsimUITests.xctest"; sourceTree = BUILT_PRODUCTS_DIR; };
		AD93396327C7F8860014F987 /* yew_ar_not_awsimUITests.swift */ = {isa = PBXFileReference; lastKnownFileType = sourcecode.swift; path = yew_ar_not_awsimUITests.swift; sourceTree = "<group>"; };
		AD93396527C7F8860014F987 /* yew_ar_not_awsimUITestsLaunchTests.swift */ = {isa = PBXFileReference; lastKnownFileType = sourcecode.swift; path = yew_ar_not_awsimUITestsLaunchTests.swift; sourceTree = "<group>"; };
/* End PBXFileReference section */

/* Begin PBXFrameworksBuildPhase section */
		AD93393927C7F8840014F987 /* Frameworks */ = {
			isa = PBXFrameworksBuildPhase;
			buildActionMask = 2147483647;
			files = (
			);
			runOnlyForDeploymentPostprocessing = 0;
		};
		AD93395227C7F8860014F987 /* Frameworks */ = {
			isa = PBXFrameworksBuildPhase;
			buildActionMask = 2147483647;
			files = (
			);
			runOnlyForDeploymentPostprocessing = 0;
		};
		AD93395C27C7F8860014F987 /* Frameworks */ = {
			isa = PBXFrameworksBuildPhase;
			buildActionMask = 2147483647;
			files = (
			);
			runOnlyForDeploymentPostprocessing = 0;
		};
/* End PBXFrameworksBuildPhase section */

/* Begin PBXGroup section */
		AD93393327C7F8840014F987 = {
			isa = PBXGroup;
			children = (
				AD93393E27C7F8840014F987 /* yew ar not awsim */,
				AD93395827C7F8860014F987 /* yew ar not awsimTests */,
				AD93396227C7F8860014F987 /* yew ar not awsimUITests */,
				AD93393D27C7F8840014F987 /* Products */,
			);
			sourceTree = "<group>";
		};
		AD93393D27C7F8840014F987 /* Products */ = {
			isa = PBXGroup;
			children = (
				AD93393C27C7F8840014F987 /* yew ar not awsim.app */,
				AD93395527C7F8860014F987 /* yew ar not awsimTests.xctest */,
				AD93395F27C7F8860014F987 /* yew ar not awsimUITests.xctest */,
			);
			name = Products;
			sourceTree = "<group>";
		};
		AD93393E27C7F8840014F987 /* yew ar not awsim */ = {
			isa = PBXGroup;
			children = (
				AD93393F27C7F8840014F987 /* AppDelegate.swift */,
				AD93394127C7F8840014F987 /* SceneDelegate.swift */,
				AD93394327C7F8840014F987 /* ViewController.swift */,
				AD93394527C7F8840014F987 /* Main.storyboard */,
				AD93394B27C7F8860014F987 /* Assets.xcassets */,
				AD93394D27C7F8860014F987 /* LaunchScreen.storyboard */,
				AD93395027C7F8860014F987 /* Info.plist */,
				AD93394827C7F8840014F987 /* yew_ar_not_awsim.xcdatamodeld */,
			);
			path = "yew ar not awsim";
			sourceTree = "<group>";
		};
		AD93395827C7F8860014F987 /* yew ar not awsimTests */ = {
			isa = PBXGroup;
			children = (
				AD93395927C7F8860014F987 /* yew_ar_not_awsimTests.swift */,
			);
			path = "yew ar not awsimTests";
			sourceTree = "<group>";
		};
		AD93396227C7F8860014F987 /* yew ar not awsimUITests */ = {
			isa = PBXGroup;
			children = (
				AD93396327C7F8860014F987 /* yew_ar_not_awsimUITests.swift */,
				AD93396527C7F8860014F987 /* yew_ar_not_awsimUITestsLaunchTests.swift */,
			);
			path = "yew ar not awsimUITests";
			sourceTree = "<group>";
		};
/* End PBXGroup section */

/* Begin PBXNativeTarget section */
		AD93393B27C7F8840014F987 /* yew ar not awsim */ = {
			isa = PBXNativeTarget;
			buildConfigurationList = AD93396927C7F8860014F987 /* Build configuration list for PBXNativeTarget "yew ar not awsim" */;
			buildPhases = (
				AD93393827C7F8840014F987 /* Sources */,
				AD93393927C7F8840014F987 /* Frameworks */,
				AD93393A27C7F8840014F987 /* Resources */,
			);
			buildRules = (
			);
			dependencies = (
			);
			name = "yew ar not awsim";
			productName = "yew ar not awsim";
			productReference = AD93393C27C7F8840014F987 /* yew ar not awsim.app */;
			productType = "com.apple.product-type.application";
		};
		AD93395427C7F8860014F987 /* yew ar not awsimTests */ = {
			isa = PBXNativeTarget;
			buildConfigurationList = AD93396C27C7F8860014F987 /* Build configuration list for PBXNativeTarget "yew ar not awsimTests" */;
			buildPhases = (
				AD93395127C7F8860014F987 /* Sources */,
				AD93395227C7F8860014F987 /* Frameworks */,
				AD93395327C7F8860014F987 /* Resources */,
			);
			buildRules = (
			);
			dependencies = (
				AD93395727C7F8860014F987 /* PBXTargetDependency */,
			);
			name = "yew ar not awsimTests";
			productName = "yew ar not awsimTests";
			productReference = AD93395527C7F8860014F987 /* yew ar not awsimTests.xctest */;
			productType = "com.apple.product-type.bundle.unit-test";
		};
		AD93395E27C7F8860014F987 /* yew ar not awsimUITests */ = {
			isa = PBXNativeTarget;
			buildConfigurationList = AD93396F27C7F8860014F987 /* Build configuration list for PBXNativeTarget "yew ar not awsimUITests" */;
			buildPhases = (
				AD93395B27C7F8860014F987 /* Sources */,
				AD93395C27C7F8860014F987 /* Frameworks */,
				AD93395D27C7F8860014F987 /* Resources */,
			);
			buildRules = (
			);
			dependencies = (
				AD93396127C7F8860014F987 /* PBXTargetDependency */,
			);
			name = "yew ar not awsimUITests";
			productName = "yew ar not awsimUITests";
			productReference = AD93395F27C7F8860014F987 /* yew ar not awsimUITests.xctest */;
			productType = "com.apple.product-type.bundle.ui-testing";
		};
/* End PBXNativeTarget section */

/* Begin PBXProject section */
		AD93393427C7F8840014F987 /* Project object */ = {
			isa = PBXProject;
			attributes = {
				BuildIndependentTargetsInParallel = 1;
				LastSwiftUpdateCheck = 1320;
				LastUpgradeCheck = 1320;
				TargetAttributes = {
					AD93393B27C7F8840014F987 = {
						CreatedOnToolsVersion = 13.2.1;
					};
					AD93395427C7F8860014F987 = {
						CreatedOnToolsVersion = 13.2.1;
						TestTargetID = AD93393B27C7F8840014F987;
					};
					AD93395E27C7F8860014F987 = {
						CreatedOnToolsVersion = 13.2.1;
						TestTargetID = AD93393B27C7F8840014F987;
					};
				};
			};
			buildConfigurationList = AD93393727C7F8840014F987 /* Build configuration list for PBXProject "yew ar not awsim" */;
			compatibilityVersion = "Xcode 13.0";
			developmentRegion = en;
			hasScannedForEncodings = 0;
			knownRegions = (
				en,
				Base,
			);
			mainGroup = AD93393327C7F8840014F987;
			productRefGroup = AD93393D27C7F8840014F987 /* Products */;
			projectDirPath = "";
			projectRoot = "";
			targets = (
				AD93393B27C7F8840014F987 /* yew ar not awsim */,
				AD93395427C7F8860014F987 /* yew ar not awsimTests */,
				AD93395E27C7F8860014F987 /* yew ar not awsimUITests */,
			);
		};
/* End PBXProject section */

/* Begin PBXResourcesBuildPhase section */
		AD93393A27C7F8840014F987 /* Resources */ = {
			isa = PBXResourcesBuildPhase;
			buildActionMask = 2147483647;
			files = (
				AD93394F27C7F8860014F987 /* LaunchScreen.storyboard in Resources */,
				AD93394C27C7F8860014F987 /* Assets.xcassets in Resources */,
				AD93394727C7F8840014F987 /* Main.storyboard in Resources */,
			);
			runOnlyForDeploymentPostprocessing = 0;
		};
		AD93395327C7F8860014F987 /* Resources */ = {
			isa = PBXResourcesBuildPhase;
			buildActionMask = 2147483647;
			files = (
			);
			runOnlyForDeploymentPostprocessing = 0;
		};
		AD93395D27C7F8860014F987 /* Resources */ = {
			isa = PBXResourcesBuildPhase;
			buildActionMask = 2147483647;
			files = (
			);
			runOnlyForDeploymentPostprocessing = 0;
		};
/* End PBXResourcesBuildPhase section */

/* Begin PBXSourcesBuildPhase section */
		AD93393827C7F8840014F987 /* Sources */ = {
			isa = PBXSourcesBuildPhase;
			buildActionMask = 2147483647;
			files = (
				AD93394A27C7F8840014F987 /* yew_ar_not_awsim.xcdatamodeld in Sources */,
				AD93394427C7F8840014F987 /* ViewController.swift in Sources */,
				AD93394027C7F8840014F987 /* AppDelegate.swift in Sources */,
				AD93394227C7F8840014F987 /* SceneDelegate.swift in Sources */,
			);
			runOnlyForDeploymentPostprocessing = 0;
		};
		AD93395127C7F8860014F987 /* Sources */ = {
			isa = PBXSourcesBuildPhase;
			buildActionMask = 2147483647;
			files = (
				AD93395A27C7F8860014F987 /* yew_ar_not_awsimTests.swift in Sources */,
			);
			runOnlyForDeploymentPostprocessing = 0;
		};
		AD93395B27C7F8860014F987 /* Sources */ = {
			isa = PBXSourcesBuildPhase;
			buildActionMask = 2147483647;
			files = (
				AD93396427C7F8860014F987 /* yew_ar_not_awsimUITests.swift in Sources */,
				AD93396627C7F8860014F987 /* yew_ar_not_awsimUITestsLaunchTests.swift in Sources */,
			);
			runOnlyForDeploymentPostprocessing = 0;
		};
/* End PBXSourcesBuildPhase section */

/* Begin PBXTargetDependency section */
		AD93395727C7F8860014F987 /* PBXTargetDependency */ = {
			isa = PBXTargetDependency;
			target = AD93393B27C7F8840014F987 /* yew ar not awsim */;
			targetProxy = AD93395627C7F8860014F987 /* PBXContainerItemProxy */;
		};
		AD93396127C7F8860014F987 /* PBXTargetDependency */ = {
			isa = PBXTargetDependency;
			target = AD93393B27C7F8840014F987 /* yew ar not awsim */;
			targetProxy = AD93396027C7F8860014F987 /* PBXContainerItemProxy */;
		};
/* End PBXTargetDependency section */

/* Begin PBXVariantGroup section */
		AD93394527C7F8840014F987 /* Main.storyboard */ = {
			isa = PBXVariantGroup;
			children = (
				AD93394627C7F8840014F987 /* Base */,
			);
			name = Main.storyboard;
			sourceTree = "<group>";
		};
		AD93394D27C7F8860014F987 /* LaunchScreen.storyboard */ = {
			isa = PBXVariantGroup;
			children = (
				AD93394E27C7F8860014F987 /* Base */,
			);
			name = LaunchScreen.storyboard;
			sourceTree = "<group>";
		};
/* End PBXVariantGroup section */

/* Begin XCBuildConfiguration section */
		AD93396727C7F8860014F987 /* Debug */ = {
			isa = XCBuildConfiguration;
			buildSettings = {
				ALWAYS_SEARCH_USER_PATHS = NO;
				CLANG_ANALYZER_NONNULL = YES;
				CLANG_ANALYZER_NUMBER_OBJECT_CONVERSION = YES_AGGRESSIVE;
				CLANG_CXX_LANGUAGE_STANDARD = "gnu++17";
				CLANG_CXX_LIBRARY = "libc++";
				CLANG_ENABLE_MODULES = YES;
				CLANG_ENABLE_OBJC_ARC = YES;
				CLANG_ENABLE_OBJC_WEAK = YES;
				CLANG_WARN_BLOCK_CAPTURE_AUTORELEASING = YES;
				CLANG_WARN_BOOL_CONVERSION = YES;
				CLANG_WARN_COMMA = YES;
				CLANG_WARN_CONSTANT_CONVERSION = YES;
				CLANG_WARN_DEPRECATED_OBJC_IMPLEMENTATIONS = YES;
				CLANG_WARN_DIRECT_OBJC_ISA_USAGE = YES_ERROR;
				CLANG_WARN_DOCUMENTATION_COMMENTS = YES;
				CLANG_WARN_EMPTY_BODY = YES;
				CLANG_WARN_ENUM_CONVERSION = YES;
				CLANG_WARN_INFINITE_RECURSION = YES;
				CLANG_WARN_INT_CONVERSION = YES;
				CLANG_WARN_NON_LITERAL_NULL_CONVERSION = YES;
				CLANG_WARN_OBJC_IMPLICIT_RETAIN_SELF = YES;
				CLANG_WARN_OBJC_LITERAL_CONVERSION = YES;
				CLANG_WARN_OBJC_ROOT_CLASS = YES_ERROR;
				CLANG_WARN_QUOTED_INCLUDE_IN_FRAMEWORK_HEADER = YES;
				CLANG_WARN_RANGE_LOOP_ANALYSIS = YES;
				CLANG_WARN_STRICT_PROTOTYPES = YES;
				CLANG_WARN_SUSPICIOUS_MOVE = YES;
				CLANG_WARN_UNGUARDED_AVAILABILITY = YES_AGGRESSIVE;
				CLANG_WARN_UNREACHABLE_CODE = YES;
				CLANG_WARN__DUPLICATE_METHOD_MATCH = YES;
				COPY_PHASE_STRIP = NO;
				DEBUG_INFORMATION_FORMAT = dwarf;
				ENABLE_STRICT_OBJC_MSGSEND = YES;
				ENABLE_TESTABILITY = YES;
				GCC_C_LANGUAGE_STANDARD = gnu11;
				GCC_DYNAMIC_NO_PIC = NO;
				GCC_NO_COMMON_BLOCKS = YES;
				GCC_OPTIMIZATION_LEVEL = 0;
				GCC_PREPROCESSOR_DEFINITIONS = (
					"DEBUG=1",
					"$(inherited)",
				);
				GCC_WARN_64_TO_32_BIT_CONVERSION = YES;
				GCC_WARN_ABOUT_RETURN_TYPE = YES_ERROR;
				GCC_WARN_UNDECLARED_SELECTOR = YES;
				GCC_WARN_UNINITIALIZED_AUTOS = YES_AGGRESSIVE;
				GCC_WARN_UNUSED_FUNCTION = YES;
				GCC_WARN_UNUSED_VARIABLE = YES;
				IPHONEOS_DEPLOYMENT_TARGET = 15.2;
				MTL_ENABLE_DEBUG_INFO = INCLUDE_SOURCE;
				MTL_FAST_MATH = YES;
				ONLY_ACTIVE_ARCH = YES;
				SDKROOT = iphoneos;
				SWIFT_ACTIVE_COMPILATION_CONDITIONS = DEBUG;
				SWIFT_OPTIMIZATION_LEVEL = "-Onone";
			};
			name = Debug;
		};
		AD93396827C7F8860014F987 /* Release */ = {
			isa = XCBuildConfiguration;
			buildSettings = {
				ALWAYS_SEARCH_USER_PATHS = NO;
				CLANG_ANALYZER_NONNULL = YES;
				CLANG_ANALYZER_NUMBER_OBJECT_CONVERSION = YES_AGGRESSIVE;
				CLANG_CXX_LANGUAGE_STANDARD = "gnu++17";
				CLANG_CXX_LIBRARY = "libc++";
				CLANG_ENABLE_MODULES = YES;
				CLANG_ENABLE_OBJC_ARC = YES;
				CLANG_ENABLE_OBJC_WEAK = YES;
				CLANG_WARN_BLOCK_CAPTURE_AUTORELEASING = YES;
				CLANG_WARN_BOOL_CONVERSION = YES;
				CLANG_WARN_COMMA = YES;
				CLANG_WARN_CONSTANT_CONVERSION = YES;
				CLANG_WARN_DEPRECATED_OBJC_IMPLEMENTATIONS = YES;
				CLANG_WARN_DIRECT_OBJC_ISA_USAGE = YES_ERROR;
				CLANG_WARN_DOCUMENTATION_COMMENTS = YES;
				CLANG_WARN_EMPTY_BODY = YES;
				CLANG_WARN_ENUM_CONVERSION = YES;
				CLANG_WARN_INFINITE_RECURSION = YES;
				CLANG_WARN_INT_CONVERSION = YES;
				CLANG_WARN_NON_LITERAL_NULL_CONVERSION = YES;
				CLANG_WARN_OBJC_IMPLICIT_RETAIN_SELF = YES;
				CLANG_WARN_OBJC_LITERAL_CONVERSION = YES;
				CLANG_WARN_OBJC_ROOT_CLASS = YES_ERROR;
				CLANG_WARN_QUOTED_INCLUDE_IN_FRAMEWORK_HEADER = YES;
				CLANG_WARN_RANGE_LOOP_ANALYSIS = YES;
				CLANG_WARN_STRICT_PROTOTYPES = YES;
				CLANG_WARN_SUSPICIOUS_MOVE = YES;
				CLANG_WARN_UNGUARDED_AVAILABILITY = YES_AGGRESSIVE;
				CLANG_WARN_UNREACHABLE_CODE = YES;
				CLANG_WARN__DUPLICATE_METHOD_MATCH = YES;
				COPY_PHASE_STRIP = NO;
				DEBUG_INFORMATION_FORMAT = "dwarf-with-dsym";
				ENABLE_NS_ASSERTIONS = NO;
				ENABLE_STRICT_OBJC_MSGSEND = YES;
				GCC_C_LANGUAGE_STANDARD = gnu11;
				GCC_NO_COMMON_BLOCKS = YES;
				GCC_WARN_64_TO_32_BIT_CONVERSION = YES;
				GCC_WARN_ABOUT_RETURN_TYPE = YES_ERROR;
				GCC_WARN_UNDECLARED_SELECTOR = YES;
				GCC_WARN_UNINITIALIZED_AUTOS = YES_AGGRESSIVE;
				GCC_WARN_UNUSED_FUNCTION = YES;
				GCC_WARN_UNUSED_VARIABLE = YES;
				IPHONEOS_DEPLOYMENT_TARGET = 15.2;
				MTL_ENABLE_DEBUG_INFO = NO;
				MTL_FAST_MATH = YES;
				SDKROOT = iphoneos;
				SWIFT_COMPILATION_MODE = wholemodule;
				SWIFT_OPTIMIZATION_LEVEL = "-O";
				VALIDATE_PRODUCT = YES;
			};
			name = Release;
		};
		AD93396A27C7F8860014F987 /* Debug */ = {
			isa = XCBuildConfiguration;
			buildSettings = {
				ASSETCATALOG_COMPILER_APPICON_NAME = AppIcon;
				ASSETCATALOG_COMPILER_GLOBAL_ACCENT_COLOR_NAME = AccentColor;
				CODE_SIGN_STYLE = Automatic;
				CURRENT_PROJECT_VERSION = 1;
				DEVELOPMENT_TEAM = 6MXWA5SY29;
				GENERATE_INFOPLIST_FILE = YES;
				INFOPLIST_FILE = "yew ar not awsim/Info.plist";
				INFOPLIST_KEY_UIApplicationSupportsIndirectInputEvents = YES;
				INFOPLIST_KEY_UILaunchStoryboardName = LaunchScreen;
				INFOPLIST_KEY_UIMainStoryboardFile = Main;
				INFOPLIST_KEY_UISupportedInterfaceOrientations_iPad = "UIInterfaceOrientationPortrait UIInterfaceOrientationPortraitUpsideDown UIInterfaceOrientationLandscapeLeft UIInterfaceOrientationLandscapeRight";
				INFOPLIST_KEY_UISupportedInterfaceOrientations_iPhone = "UIInterfaceOrientationPortrait UIInterfaceOrientationLandscapeLeft UIInterfaceOrientationLandscapeRight";
				LD_RUNPATH_SEARCH_PATHS = (
					"$(inherited)",
					"@executable_path/Frameworks",
				);
				MARKETING_VERSION = 1.0;
				PRODUCT_BUNDLE_IDENTIFIER = "kal.yew-ar-not-awsim";
				PRODUCT_NAME = "$(TARGET_NAME)";
				SWIFT_EMIT_LOC_STRINGS = YES;
				SWIFT_VERSION = 5.0;
				TARGETED_DEVICE_FAMILY = "1,2";
			};
			name = Debug;
		};
		AD93396B27C7F8860014F987 /* Release */ = {
			isa = XCBuildConfiguration;
			buildSettings = {
				ASSETCATALOG_COMPILER_APPICON_NAME = AppIcon;
				ASSETCATALOG_COMPILER_GLOBAL_ACCENT_COLOR_NAME = AccentColor;
				CODE_SIGN_STYLE = Automatic;
				CURRENT_PROJECT_VERSION = 1;
				DEVELOPMENT_TEAM = 6MXWA5SY29;
				GENERATE_INFOPLIST_FILE = YES;
				INFOPLIST_FILE = "yew ar not awsim/Info.plist";
				INFOPLIST_KEY_UIApplicationSupportsIndirectInputEvents = YES;
				INFOPLIST_KEY_UILaunchStoryboardName = LaunchScreen;
				INFOPLIST_KEY_UIMainStoryboardFile = Main;
				INFOPLIST_KEY_UISupportedInterfaceOrientations_iPad = "UIInterfaceOrientationPortrait UIInterfaceOrientationPortraitUpsideDown UIInterfaceOrientationLandscapeLeft UIInterfaceOrientationLandscapeRight";
				INFOPLIST_KEY_UISupportedInterfaceOrientations_iPhone = "UIInterfaceOrientationPortrait UIInterfaceOrientationLandscapeLeft UIInterfaceOrientationLandscapeRight";
				LD_RUNPATH_SEARCH_PATHS = (
					"$(inherited)",
					"@executable_path/Frameworks",
				);
				MARKETING_VERSION = 1.0;
				PRODUCT_BUNDLE_IDENTIFIER = "kal.yew-ar-not-awsim";
				PRODUCT_NAME = "$(TARGET_NAME)";
				SWIFT_EMIT_LOC_STRINGS = YES;
				SWIFT_VERSION = 5.0;
				TARGETED_DEVICE_FAMILY = "1,2";
			};
			name = Release;
		};
		AD93396D27C7F8860014F987 /* Debug */ = {
			isa = XCBuildConfiguration;
			buildSettings = {
				ALWAYS_EMBED_SWIFT_STANDARD_LIBRARIES = YES;
				BUNDLE_LOADER = "$(TEST_HOST)";
				CODE_SIGN_STYLE = Automatic;
				CURRENT_PROJECT_VERSION = 1;
				DEVELOPMENT_TEAM = 6MXWA5SY29;
				GENERATE_INFOPLIST_FILE = YES;
				IPHONEOS_DEPLOYMENT_TARGET = 15.2;
				MARKETING_VERSION = 1.0;
				PRODUCT_BUNDLE_IDENTIFIER = "kal.yew-ar-not-awsimTests";
				PRODUCT_NAME = "$(TARGET_NAME)";
				SWIFT_EMIT_LOC_STRINGS = NO;
				SWIFT_VERSION = 5.0;
				TARGETED_DEVICE_FAMILY = "1,2";
				TEST_HOST = "$(BUILT_PRODUCTS_DIR)/yew ar not awsim.app/yew ar not awsim";
			};
			name = Debug;
		};
		AD93396E27C7F8860014F987 /* Release */ = {
			isa = XCBuildConfiguration;
			buildSettings = {
				ALWAYS_EMBED_SWIFT_STANDARD_LIBRARIES = YES;
				BUNDLE_LOADER = "$(TEST_HOST)";
				CODE_SIGN_STYLE = Automatic;
				CURRENT_PROJECT_VERSION = 1;
				DEVELOPMENT_TEAM = 6MXWA5SY29;
				GENERATE_INFOPLIST_FILE = YES;
				IPHONEOS_DEPLOYMENT_TARGET = 15.2;
				MARKETING_VERSION = 1.0;
				PRODUCT_BUNDLE_IDENTIFIER = "kal.yew-ar-not-awsimTests";
				PRODUCT_NAME = "$(TARGET_NAME)";
				SWIFT_EMIT_LOC_STRINGS = NO;
				SWIFT_VERSION = 5.0;
				TARGETED_DEVICE_FAMILY = "1,2";
				TEST_HOST = "$(BUILT_PRODUCTS_DIR)/yew ar not awsim.app/yew ar not awsim";
			};
			name = Release;
		};
		AD93397027C7F8860014F987 /* Debug */ = {
			isa = XCBuildConfiguration;
			buildSettings = {
				ALWAYS_EMBED_SWIFT_STANDARD_LIBRARIES = YES;
				CODE_SIGN_STYLE = Automatic;
				CURRENT_PROJECT_VERSION = 1;
				DEVELOPMENT_TEAM = 6MXWA5SY29;
				GENERATE_INFOPLIST_FILE = YES;
				MARKETING_VERSION = 1.0;
				PRODUCT_BUNDLE_IDENTIFIER = "kal.yew-ar-not-awsimUITests";
				PRODUCT_NAME = "$(TARGET_NAME)";
				SWIFT_EMIT_LOC_STRINGS = NO;
				SWIFT_VERSION = 5.0;
				TARGETED_DEVICE_FAMILY = "1,2";
				TEST_TARGET_NAME = "yew ar not awsim";
			};
			name = Debug;
		};
		AD93397127C7F8860014F987 /* Release */ = {
			isa = XCBuildConfiguration;
			buildSettings = {
				ALWAYS_EMBED_SWIFT_STANDARD_LIBRARIES = YES;
				CODE_SIGN_STYLE = Automatic;
				CURRENT_PROJECT_VERSION = 1;
				DEVELOPMENT_TEAM = 6MXWA5SY29;
				GENERATE_INFOPLIST_FILE = YES;
				MARKETING_VERSION = 1.0;
				PRODUCT_BUNDLE_IDENTIFIER = "kal.yew-ar-not-awsimUITests";
				PRODUCT_NAME = "$(TARGET_NAME)";
				SWIFT_EMIT_LOC_STRINGS = NO;
				SWIFT_VERSION = 5.0;
				TARGETED_DEVICE_FAMILY = "1,2";
				TEST_TARGET_NAME = "yew ar not awsim";
			};
			name = Release;
		};
/* End XCBuildConfiguration section */

/* Begin XCConfigurationList section */
		AD93393727C7F8840014F987 /* Build configuration list for PBXProject "yew ar not awsim" */ = {
			isa = XCConfigurationList;
			buildConfigurations = (
				AD93396727C7F8860014F987 /* Debug */,
				AD93396827C7F8860014F987 /* Release */,
			);
			defaultConfigurationIsVisible = 0;
			defaultConfigurationName = Release;
		};
		AD93396927C7F8860014F987 /* Build configuration list for PBXNativeTarget "yew ar not awsim" */ = {
			isa = XCConfigurationList;
			buildConfigurations = (
				AD93396A27C7F8860014F987 /* Debug */,
				AD93396B27C7F8860014F987 /* Release */,
			);
			defaultConfigurationIsVisible = 0;
			defaultConfigurationName = Release;
		};
		AD93396C27C7F8860014F987 /* Build configuration list for PBXNativeTarget "yew ar not awsimTests" */ = {
			isa = XCConfigurationList;
			buildConfigurations = (
				AD93396D27C7F8860014F987 /* Debug */,
				AD93396E27C7F8860014F987 /* Release */,
			);
			defaultConfigurationIsVisible = 0;
			defaultConfigurationName = Release;
		};
		AD93396F27C7F8860014F987 /* Build configuration list for PBXNativeTarget "yew ar not awsimUITests" */ = {
			isa = XCConfigurationList;
			buildConfigurations = (
				AD93397027C7F8860014F987 /* Debug */,
				AD93397127C7F8860014F987 /* Release */,
			);
			defaultConfigurationIsVisible = 0;
			defaultConfigurationName = Release;
		};
/* End XCConfigurationList section */

/* Begin XCVersionGroup section */
		AD93394827C7F8840014F987 /* yew_ar_not_awsim.xcdatamodeld */ = {
			isa = XCVersionGroup;
			children = (
				AD93394927C7F8840014F987 /* yew_ar_not_awsim.xcdatamodel */,
			);
			currentVersion = AD93394927C7F8840014F987 /* yew_ar_not_awsim.xcdatamodel */;
			path = yew_ar_not_awsim.xcdatamodeld;
			sourceTree = "<group>";
			versionGroupType = wrapper.xcdatamodel;
		};
/* End XCVersionGroup section */
	};
	rootObject = AD93393427C7F8840014F987 /* Project object */;
}
